
Microsoft Visual Studio Solution File, Format Version 12.00
# Visual Studio Version 16
VisualStudioVersion = 16.0.30717.126
MinimumVisualStudioVersion = 10.0.40219.1
Project("{FAE04EC0-301F-11D3-BF4B-00C04F79EFBC}") = "KorpLatvia.Server", "KorpLatvia\Server\KorpLatvia.Server.csproj", "{ABB3FB3C-BFDB-4B3C-9664-73C97A9048A9}"
EndProject
Project("{FAE04EC0-301F-11D3-BF4B-00C04F79EFBC}") = "KorpLatvia.Client", "KorpLatvia\Client\KorpLatvia.Client.csproj", "{9EA8D24F-4CB4-42AF-A366-2B22C25E806A}"
EndProject
Project("{FAE04EC0-301F-11D3-BF4B-00C04F79EFBC}") = "KorpLatvia.Shared", "KorpLatvia\Shared\KorpLatvia.Shared.csproj", "{5C17D50F-C8F5-4ED1-9953-741A18FD3833}"
EndProject
Global
	GlobalSection(SolutionConfigurationPlatforms) = preSolution
		Debug|Any CPU = Debug|Any CPU
		Release|Any CPU = Release|Any CPU
	EndGlobalSection
	GlobalSection(ProjectConfigurationPlatforms) = postSolution
		{ABB3FB3C-BFDB-4B3C-9664-73C97A9048A9}.Debug|Any CPU.ActiveCfg = Debug|Any CPU
		{ABB3FB3C-BFDB-4B3C-9664-73C97A9048A9}.Debug|Any CPU.Build.0 = Debug|Any CPU
		{ABB3FB3C-BFDB-4B3C-9664-73C97A9048A9}.Release|Any CPU.ActiveCfg = Release|Any CPU
		{ABB3FB3C-BFDB-4B3C-9664-73C97A9048A9}.Release|Any CPU.Build.0 = Release|Any CPU
		{9EA8D24F-4CB4-42AF-A366-2B22C25E806A}.Debug|Any CPU.ActiveCfg = Debug|Any CPU
		{9EA8D24F-4CB4-42AF-A366-2B22C25E806A}.Debug|Any CPU.Build.0 = Debug|Any CPU
		{9EA8D24F-4CB4-42AF-A366-2B22C25E806A}.Release|Any CPU.ActiveCfg = Release|Any CPU
		{9EA8D24F-4CB4-42AF-A366-2B22C25E806A}.Release|Any CPU.Build.0 = Release|Any CPU
		{5C17D50F-C8F5-4ED1-9953-741A18FD3833}.Debug|Any CPU.ActiveCfg = Debug|Any CPU
		{5C17D50F-C8F5-4ED1-9953-741A18FD3833}.Debug|Any CPU.Build.0 = Debug|Any CPU
		{5C17D50F-C8F5-4ED1-9953-741A18FD3833}.Release|Any CPU.ActiveCfg = Release|Any CPU
		{5C17D50F-C8F5-4ED1-9953-741A18FD3833}.Release|Any CPU.Build.0 = Release|Any CPU
	EndGlobalSection
	GlobalSection(SolutionProperties) = preSolution
		HideSolutionNode = FALSE
	EndGlobalSection
	GlobalSection(ExtensibilityGlobals) = postSolution
		SolutionGuid = {0E57D7CC-3B82-4A66-9731-0928763C2443}
	EndGlobalSection
EndGlobal
